
Microsoft Visual Studio Solution File, Format Version 12.00
# Visual Studio Version 16
VisualStudioVersion = 16.0.31624.102
MinimumVisualStudioVersion = 10.0.40219.1
Project("{FAE04EC0-301F-11D3-BF4B-00C04F79EFBC}") = "QRMaker", "QRMaker\QRMaker.csproj", "{198D8851-E1CA-46D6-AEED-308EB11D3C97}"
EndProject
Global
	GlobalSection(SolutionConfigurationPlatforms) = preSolution
		Debug|Any CPU = Debug|Any CPU
		Release|Any CPU = Release|Any CPU
	EndGlobalSection
	GlobalSection(ProjectConfigurationPlatforms) = postSolution
		{198D8851-E1CA-46D6-AEED-308EB11D3C97}.Debug|Any CPU.ActiveCfg = Debug|Any CPU
		{198D8851-E1CA-46D6-AEED-308EB11D3C97}.Debug|Any CPU.Build.0 = Debug|Any CPU
		{198D8851-E1CA-46D6-AEED-308EB11D3C97}.Release|Any CPU.ActiveCfg = Release|Any CPU
		{198D8851-E1CA-46D6-AEED-308EB11D3C97}.Release|Any CPU.Build.0 = Release|Any CPU
	EndGlobalSection
	GlobalSection(SolutionProperties) = preSolution
		HideSolutionNode = FALSE
	EndGlobalSection
	GlobalSection(ExtensibilityGlobals) = postSolution
		SolutionGuid = {65565B0B-C580-4D37-AAAA-B61D14106827}
	EndGlobalSection
EndGlobal
